
Microsoft Visual Studio Solution File, Format Version 12.00
# Visual Studio Version 16
VisualStudioVersion = 16.0.32228.343
MinimumVisualStudioVersion = 10.0.40219.1
Project("{2150E333-8FDC-42A3-9474-1A3956D46DE8}") = "src", "src", "{58AF39D9-CAE0-49F3-A4EC-DDE59D849EBE}"
EndProject
Project("{9A19103F-16F7-4668-BE54-9A1E7A4F7556}") = "Ecommerce.WebAPI", "src\Ecommerce.WebAPI\Ecommerce.WebAPI.csproj", "{F160EAE5-446C-4D47-9894-87766FA65983}"
EndProject
Project("{9A19103F-16F7-4668-BE54-9A1E7A4F7556}") = "WebAPI", "src\WebAPI\WebAPI.csproj", "{B7D420D1-BFB5-465D-B930-582E9665C2F1}"
EndProject
Global
	GlobalSection(SolutionConfigurationPlatforms) = preSolution
		Debug|Any CPU = Debug|Any CPU
		Release|Any CPU = Release|Any CPU
	EndGlobalSection
	GlobalSection(ProjectConfigurationPlatforms) = postSolution
		{F160EAE5-446C-4D47-9894-87766FA65983}.Debug|Any CPU.ActiveCfg = Debug|Any CPU
		{F160EAE5-446C-4D47-9894-87766FA65983}.Debug|Any CPU.Build.0 = Debug|Any CPU
		{F160EAE5-446C-4D47-9894-87766FA65983}.Release|Any CPU.ActiveCfg = Release|Any CPU
		{F160EAE5-446C-4D47-9894-87766FA65983}.Release|Any CPU.Build.0 = Release|Any CPU
		{B7D420D1-BFB5-465D-B930-582E9665C2F1}.Debug|Any CPU.ActiveCfg = Debug|Any CPU
		{B7D420D1-BFB5-465D-B930-582E9665C2F1}.Debug|Any CPU.Build.0 = Debug|Any CPU
		{B7D420D1-BFB5-465D-B930-582E9665C2F1}.Release|Any CPU.ActiveCfg = Release|Any CPU
		{B7D420D1-BFB5-465D-B930-582E9665C2F1}.Release|Any CPU.Build.0 = Release|Any CPU
	EndGlobalSection
	GlobalSection(SolutionProperties) = preSolution
		HideSolutionNode = FALSE
	EndGlobalSection
	GlobalSection(NestedProjects) = preSolution
		{F160EAE5-446C-4D47-9894-87766FA65983} = {58AF39D9-CAE0-49F3-A4EC-DDE59D849EBE}
		{B7D420D1-BFB5-465D-B930-582E9665C2F1} = {58AF39D9-CAE0-49F3-A4EC-DDE59D849EBE}
	EndGlobalSection
	GlobalSection(ExtensibilityGlobals) = postSolution
		SolutionGuid = {A4CD0772-4A0A-42D9-86A6-741662BBA869}
	EndGlobalSection
EndGlobal
